{
  "lockfileVersion": 1,
  "configVersion": 1,
  "workspaces": {
    "": {
      "name": "aska",
      "devDependencies": {
        "concurrently": "^10.0.4",
        "sst": "^4.17.1",
      },
    },
  },
  "packages": {
    "@aws-sdk/client-lambda": ["@aws-sdk/client-lambda@3.1092.0", "", { "dependencies": { "@aws-sdk/core": "^3.976.0", "@aws-sdk/credential-provider-node": "^3.972.71", "@aws-sdk/types": "^3.974.2", "@smithy/core": "^3.29.4", "@smithy/fetch-http-handler": "^5.6.6", "@smithy/node-http-handler": "^4.9.6", "@smithy/types": "^4.16.1", "tslib": "^2.6.2" } }, "sha512-n4dEn0DEKX3D22d0r+qFjRiMaNMXdARd6mPTxkFY/5A1AWVZz4nFu3PbTVhoGL+y0uMDjQiWWtjiLWjMTsM12Q=="],

    "@aws-sdk/core": ["@aws-sdk/core@3.976.0", "", { "dependencies": { "@aws-sdk/types": "^3.974.2", "@aws-sdk/xml-builder": "^3.972.36", "@aws/lambda-invoke-store": "^0.3.0", "@smithy/core": "^3.29.4", "@smithy/signature-v4": "^5.6.5", "@smithy/types": "^4.16.1", "bowser": "^2.11.0", "tslib": "^2.6.2" } }, "sha512-0cjRaEdlVoOrsNb9pP5q1Syyc8pXw5xSj2Np2ryReRTr9FppIIRVSdZK4lbnfmc2Hvgux/xBOUU6baB7z8//uA=="],

    "@aws-sdk/credential-provider-env": ["@aws-sdk/credential-provider-env@3.972.60", "", { "dependencies": { "@aws-sdk/core": "^3.976.0", "@aws-sdk/types": "^3.974.2", "@smithy/core": "^3.29.4", "@smithy/types": "^4.16.1", "tslib": "^2.6.2" } }, "sha512-BAkxdoe7tpDDqCghGpuOeHQRbm/2znVvOQm0AvpQbA2tbfMN46doN4zx65fv85ImP3KADwc2zQPmbrlI9MPfMg=="],

    "@aws-sdk/credential-provider-http": ["@aws-sdk/credential-provider-http@3.972.62", "", { "dependencies": { "@aws-sdk/core": "^3.976.0", "@aws-sdk/types": "^3.974.2", "@smithy/core": "^3.29.4", "@smithy/fetch-http-handler": "^5.6.6", "@smithy/node-http-handler": "^4.9.6", "@smithy/types": "^4.16.1", "tslib": "^2.6.2" } }, "sha512-g/0fGqKTb9xpKdd9AtpmV5Eo3DFKbnkpA2+w0peISSlu7NfAoWOuYBFxsu+yWBtxU89ka55ezoZBCbFaS8pjYQ=="],

    "@aws-sdk/credential-provider-ini": ["@aws-sdk/credential-provider-ini@3.973.5", "", { "dependencies": { "@aws-sdk/core": "^3.976.0", "@aws-sdk/credential-provider-env": "^3.972.60", "@aws-sdk/credential-provider-http": "^3.972.62", "@aws-sdk/credential-provider-login": "^3.972.67", "@aws-sdk/credential-provider-process": "^3.972.60", "@aws-sdk/credential-provider-sso": "^3.973.4", "@aws-sdk/credential-provider-web-identity": "^3.972.66", "@aws-sdk/nested-clients": "^3.997.34", "@aws-sdk/types": "^3.974.2", "@smithy/core": "^3.29.4", "@smithy/credential-provider-imds": "^4.4.9", "@smithy/types": "^4.16.1", "tslib": "^2.6.2" } }, "sha512-ylubazcRfq2TVus/qXucSXeC42Qdjp5HQxTu68K/BsdMiZlcSLD1zkpoCgApXZX1Y6YJhtGGs7ZHhO/GuIgBlw=="],

    "@aws-sdk/credential-provider-login": ["@aws-sdk/credential-provider-login@3.972.67", "", { "dependencies": { "@aws-sdk/core": "^3.976.0", "@aws-sdk/nested-clients": "^3.997.34", "@aws-sdk/types": "^3.974.2", "@smithy/core": "^3.29.4", "@smithy/types": "^4.16.1", "tslib": "^2.6.2" } }, "sha512-CCygIKJ9YbI3n84OClSaSppkgKKHVj2TGT33c6FRORZrYNZQ1POmD+ip0FLYokiJAK7sSdc3YVkOsBm90oxWMQ=="],

    "@aws-sdk/credential-provider-node": ["@aws-sdk/credential-provider-node@3.972.71", "", { "dependencies": { "@aws-sdk/credential-provider-env": "^3.972.60", "@aws-sdk/credential-provider-http": "^3.972.62", "@aws-sdk/credential-provider-ini": "^3.973.5", "@aws-sdk/credential-provider-process": "^3.972.60", "@aws-sdk/credential-provider-sso": "^3.973.4", "@aws-sdk/credential-provider-web-identity": "^3.972.66", "@aws-sdk/types": "^3.974.2", "@smithy/core": "^3.29.4", "@smithy/credential-provider-imds": "^4.4.9", "@smithy/types": "^4.16.1", "tslib": "^2.6.2" } }, "sha512-HIg7Q2osBzajQwL+1Vkyh2E7Gim3eTNb9RHIsOxDGjW0eZg4oEKtRs5sioCnc73ilhaOm4gX2lHVF8J7+nt2rg=="],

    "@aws-sdk/credential-provider-process": ["@aws-sdk/credential-provider-process@3.972.60", "", { "dependencies": { "@aws-sdk/core": "^3.976.0", "@aws-sdk/types": "^3.974.2", "@smithy/core": "^3.29.4", "@smithy/types": "^4.16.1", "tslib": "^2.6.2" } }, "sha512-YIo3f99hM43QdYG8hDzwGemnR/pU95b0kramqSJUTleCqaB7+HwKf7YZFHqvOgTqZTPx/mRmNIqoDRr3U0Z3Tw=="],

    "@aws-sdk/credential-provider-sso": ["@aws-sdk/credential-provider-sso@3.973.4", "", { "dependencies": { "@aws-sdk/core": "^3.976.0", "@aws-sdk/nested-clients": "^3.997.34", "@aws-sdk/token-providers": "3.1092.0", "@aws-sdk/types": "^3.974.2", "@smithy/core": "^3.29.4", "@smithy/types": "^4.16.1", "tslib": "^2.6.2" } }, "sha512-BPdmL8sSBOCv4ngZ+3LHxyc3CNqDCEK37CHioCk7zGrTMY5sUtkH8q+o6qA80nn6w3/fyBPGNE7OIRlmoOxRQA=="],

    "@aws-sdk/credential-provider-web-identity": ["@aws-sdk/credential-provider-web-identity@3.972.66", "", { "dependencies": { "@aws-sdk/core": "^3.976.0", "@aws-sdk/nested-clients": "^3.997.34", "@aws-sdk/types": "^3.974.2", "@smithy/core": "^3.29.4", "@smithy/types": "^4.16.1", "tslib": "^2.6.2" } }, "sha512-kSAziJboOmZmsR9/MTbiNjowl2BPes1bQuJpne4qAZ62ubi8fjfr/aupJSQje6udBoYxXTQbsL0e0kby2la3ng=="],

    "@aws-sdk/nested-clients": ["@aws-sdk/nested-clients@3.997.34", "", { "dependencies": { "@aws-sdk/core": "^3.976.0", "@aws-sdk/signature-v4-multi-region": "^3.996.41", "@aws-sdk/types": "^3.974.2", "@smithy/core": "^3.29.4", "@smithy/fetch-http-handler": "^5.6.6", "@smithy/node-http-handler": "^4.9.6", "@smithy/types": "^4.16.1", "tslib": "^2.6.2" } }, "sha512-Y9REVrSwmLM+Qy6sZJ7ofMC2S3Hr3tPP/4CzL5U1olPP7OGoF+6+Px0E49cVQBtSxJtyeLJMf0UaBErfeSahAA=="],

    "@aws-sdk/signature-v4-multi-region": ["@aws-sdk/signature-v4-multi-region@3.996.41", "", { "dependencies": { "@aws-sdk/types": "^3.974.2", "@smithy/signature-v4": "^5.6.5", "@smithy/types": "^4.16.1", "tslib": "^2.6.2" } }, "sha512-QMUytg+FQMGouc8gHS00KoYih3+N6cqmVI/pQGOIo7Nr7OpQaiXjSYOuL+vsPZ1tymY4LAQ8MYcHJmws5LRxng=="],

    "@aws-sdk/token-providers": ["@aws-sdk/token-providers@3.1092.0", "", { "dependencies": { "@aws-sdk/core": "^3.976.0", "@aws-sdk/nested-clients": "^3.997.34", "@aws-sdk/types": "^3.974.2", "@smithy/core": "^3.29.4", "@smithy/types": "^4.16.1", "tslib": "^2.6.2" } }, "sha512-hBYUAr6iBLNFcsiWTgtBb0stdSw39VOUq4Sp4A5caCNf66BAZplWN4FleKrVpJx5li2YgdnK2DqoFSMWC642FQ=="],

    "@aws-sdk/types": ["@aws-sdk/types@3.974.2", "", { "dependencies": { "@smithy/types": "^4.16.1", "tslib": "^2.6.2" } }, "sha512-3W6IUtSxFbH6X7Wb7DzGCV5QiFQsd0g8bOfntpmDxQlzBoKWUMBu/JPQR0DwkE+Hpnxd6db1tXbOwdeHddG6cA=="],

    "@aws-sdk/xml-builder": ["@aws-sdk/xml-builder@3.972.36", "", { "dependencies": { "@smithy/types": "^4.16.1", "tslib": "^2.6.2" } }, "sha512-RdGmS1GLrtaTOLE1ElSluMldNrpk9Emq6uYs8SS8iHlu5xTAmM9rRkM91o48+rIRryBtyO9t+uLYCoMG6jVMVA=="],

    "@aws/durable-execution-sdk-js": ["@aws/durable-execution-sdk-js@1.0.2", "", { "dependencies": { "@aws-sdk/client-lambda": "^3.943.0" } }, "sha512-KIYBVqV9gArkWdPEDYOjJqLlO+NecmCXOXadNBlOspJTmqztwuiyb6aZc468bYWSGuL4Me/gyTIK97ubkwFNCw=="],

    "@aws/lambda-invoke-store": ["@aws/lambda-invoke-store@0.3.0", "", {}, "sha512-sl4Bm6yiMNYrZKkqqDFWN0UfnWhlS8ivKxrYl+6t0gCLrqr8y3B2IqZZbFRkfaVVp7C/baApyh71P+LeE1A2sQ=="],

    "@smithy/core": ["@smithy/core@3.29.7", "", { "dependencies": { "@smithy/types": "^4.16.1", "tslib": "^2.6.2" } }, "sha512-BiEE2bnnGoPKdlGe3L+gOYORDHFGPuYVRLP7iUow/Sflm0B4hC4XY3FC1MRuc7ltzpW2xNnXopKi34TTkULlKQ=="],

    "@smithy/credential-provider-imds": ["@smithy/credential-provider-imds@4.4.12", "", { "dependencies": { "@smithy/core": "^3.29.7", "@smithy/types": "^4.16.1", "tslib": "^2.6.2" } }, "sha512-ZZPDbl/aRp77aycuoMlo3BTayT4CE2a3uoqETYZU5ySnVbhpl5IJiY7dCZedn+ZusyDLqVv44IvKBiXd2/nK0Q=="],

    "@smithy/fetch-http-handler": ["@smithy/fetch-http-handler@5.6.9", "", { "dependencies": { "@smithy/core": "^3.29.7", "@smithy/types": "^4.16.1", "tslib": "^2.6.2" } }, "sha512-EJktha5m5MXCwzdXrlWyqb9UCNHNFKlg+PmTpRsdX3dncJPTiqYleM9OKj2mLgdVJHR01d2tU4alG+z2NdH5rQ=="],

    "@smithy/node-http-handler": ["@smithy/node-http-handler@4.9.9", "", { "dependencies": { "@smithy/core": "^3.29.7", "@smithy/types": "^4.16.1", "tslib": "^2.6.2" } }, "sha512-xVBZ3hptB99iNO9XyWqEhC7KD9bP9UPXhuy3h5Y2ItCfBv160D9IIC/Fmmp3EbnWwit4C+KVqlSE+E29Nk/pPg=="],

    "@smithy/signature-v4": ["@smithy/signature-v4@5.6.8", "", { "dependencies": { "@smithy/core": "^3.29.7", "@smithy/types": "^4.16.1", "tslib": "^2.6.2" } }, "sha512-iGBm6hIwD2MGvVRSgrjVWa4FXtXDq3akxu0DCpnkmBo0xtEHZ/siMRt7ycfZAefYr2UdywUgmGtoRLaq5u56pg=="],

    "@smithy/types": ["@smithy/types@4.16.1", "", { "dependencies": { "tslib": "^2.6.2" } }, "sha512-0JFs3V2y2M9tKW5na/qxe69Zv+uxLMO7QBbhxF/FHu/Gp2NFZAAL9tWl9PU02xxo07pb3G9FTyjNc6D5uZrJIg=="],

    "ansi-regex": ["ansi-regex@6.2.2", "", {}, "sha512-Bq3SmSpyFHaWjPk8If9yc6svM8c56dB5BAtW4Qbw5jHTwwXXcTLoRMkpDJp6VL0XzlWaCHTXrkFURMYmD0sLqg=="],

    "ansi-styles": ["ansi-styles@6.2.3", "", {}, "sha512-4Dj6M28JB+oAH8kFkTLUo+a2jwOFkuqb3yucU0CANcRRUbxS0cP0nZYCGjcc3BNXwRIsUVmDGgzawme7zvJHvg=="],

    "aws4fetch": ["aws4fetch@1.0.18", "", {}, "sha512-3Cf+YaUl07p24MoQ46rFwulAmiyCwH2+1zw1ZyPAX5OtJ34Hh185DwB8y/qRLb6cYYYtSFJ9pthyLc0MD4e8sQ=="],

    "bowser": ["bowser@2.14.1", "", {}, "sha512-tzPjzCxygAKWFOJP011oxFHs57HzIhOEracIgAePE4pqB3LikALKnSzUyU4MGs9/iCEUuHlAJTjTc5M+u7YEGg=="],

    "chalk": ["chalk@5.6.2", "", {}, "sha512-7NzBL0rN6fMUW+f7A6Io4h40qQlG+xGmtMxfbnH/K7TAtt8JQWVQK+6g0UXKMeVJoyV5EkkNsErQ8pVD3bLHbA=="],

    "cliui": ["cliui@9.0.1", "", { "dependencies": { "string-width": "^7.2.0", "strip-ansi": "^7.1.0", "wrap-ansi": "^9.0.0" } }, "sha512-k7ndgKhwoQveBL+/1tqGJYNz097I7WOvwbmmU2AR5+magtbjPWQTS1C5vzGkBC8Ym8UWRzfKUzUUqFLypY4Q+w=="],

    "concurrently": ["concurrently@10.0.4", "", { "dependencies": { "chalk": "5.6.2", "rxjs": "7.8.2", "shell-quote": "1.9.0", "supports-color": "10.2.2", "tree-kill": "1.2.2", "yargs": "18.0.0" }, "bin": { "conc": "dist/bin/index.js", "concurrently": "dist/bin/index.js" } }, "sha512-trZql+7l/0+WRAsAnEdctr4+iiOS6ZrViI6H8QWcCF9MFS/LT0dKpe8vluB1to6it+OxSI4VospFTIFMW8DJRw=="],

    "emoji-regex": ["emoji-regex@10.6.0", "", {}, "sha512-toUI84YS5YmxW219erniWD0CIVOo46xGKColeNQRgOzDorgBi1v4D71/OFzgD9GO2UGKIv1C3Sp8DAn0+j5w7A=="],

    "escalade": ["escalade@3.2.0", "", {}, "sha512-WUj2qlxaQtO4g6Pq5c29GTcWGDyd8itL8zTlipgECz3JesAiiOKotd8JU6otB3PACgG6xkJUyVhboMS+bje/jA=="],

    "get-caller-file": ["get-caller-file@2.0.5", "", {}, "sha512-DyFP3BM/3YHTQOCUL/w0OZHR0lpKeGrxotcHWcqNEdnltqFwXVfhEBQ94eIo34AfQpo0rGki4cyIiftY06h2Fg=="],

    "get-east-asian-width": ["get-east-asian-width@1.6.0", "", {}, "sha512-QRbvDIbx6YklUe6RxeTeleMR0yv3cYH6PsPZHcnVn7xv7zO1BHN8r0XETu8n6Ye3Q+ahtSarc3WgtNWmehIBfA=="],

    "jose": ["jose@5.2.3", "", {}, "sha512-KUXdbctm1uHVL8BYhnyHkgp3zDX5KW8ZhAKVFEfUbU2P8Alpzjb+48hHvjOdQIyPshoblhzsuqOwEEAbtHVirA=="],

    "lru-cache": ["lru-cache@6.0.0", "", { "dependencies": { "yallist": "^4.0.0" } }, "sha512-Jo6dJ04CmSjuznwJSS3pUeWmd/H0ffTlkXXgwZi+eq1UCmqQwCh+eLsYOYCwY991i2Fah4h1BEMCx4qThGbsiA=="],

    "object-hash": ["object-hash@2.2.0", "", {}, "sha512-gScRMn0bS5fH+IuwyIFgnh9zBdo4DV+6GhygmWM9HyNJSgS0hScp1f5vjtm7oIIOiT9trXrShAkLFSc2IqKNgw=="],

    "oidc-token-hash": ["oidc-token-hash@5.2.0", "", {}, "sha512-6gj2m8cJZ+iSW8bm0FXdGF0YhIQbKrfP4yWTNzxc31U6MOjfEmB1rHvlYvxI1B7t7BCi1F2vYTT6YhtQRG4hxw=="],

    "openid-client": ["openid-client@5.6.4", "", { "dependencies": { "jose": "^4.15.4", "lru-cache": "^6.0.0", "object-hash": "^2.2.0", "oidc-token-hash": "^5.0.3" } }, "sha512-T1h3B10BRPKfcObdBklX639tVz+xh34O7GjofqrqiAQdm7eHsQ00ih18x6wuJ/E6FxdtS2u3FmUGPDeEcMwzNA=="],

    "rxjs": ["rxjs@7.8.2", "", { "dependencies": { "tslib": "^2.1.0" } }, "sha512-dhKf903U/PQZY6boNNtAGdWbG85WAbjT/1xYoZIC7FAY0yWapOBQVsVrDl58W86//e1VpMNBtRV4MaXfdMySFA=="],

    "shell-quote": ["shell-quote@1.9.0", "", {}, "sha512-Iov+JwFv/2HcTpcwNMKd8+IWNb8tboQJNQTkAY/LLVK7gGH9jy+LGkVqPxfekHl+yMmiqXszdGWXgkfml7hjqA=="],

    "sst": ["sst@4.17.1", "", { "dependencies": { "@aws/durable-execution-sdk-js": "1.0.2", "aws4fetch": "1.0.18", "jose": "5.2.3", "openid-client": "5.6.4" }, "optionalDependencies": { "sst-darwin-arm64": "4.17.1", "sst-darwin-x64": "4.17.1", "sst-linux-arm64": "4.17.1", "sst-linux-x64": "4.17.1", "sst-linux-x86": "4.17.1", "sst-win32-arm64": "4.17.1", "sst-win32-x64": "4.17.1", "sst-win32-x86": "4.17.1" }, "bin": { "sst": "bin/sst.mjs" } }, "sha512-06z0R8MICyvlsMAnPhQSga0JyijwlxwFXatnPtPA1h38PjSafrVR7bUhVIHFmUAtDLNC8hTlR/KMbKBlKGrRnQ=="],

    "sst-darwin-arm64": ["sst-darwin-arm64@4.17.1", "", { "os": "darwin", "cpu": "arm64" }, "sha512-Y9qZTBk4Fcwba+td+Dz3lz0wT9pQIbkJ5JqNfU4UwaVQtA58kz02F/BluhACi0vpI7PJULY7Tp1orHg86iy9+w=="],

    "sst-darwin-x64": ["sst-darwin-x64@4.17.1", "", { "os": "darwin", "cpu": "x64" }, "sha512-TCU/H51vhQo+5QwsPIsiODlM54OS3Xai8FThcmX9H4git9Z/gPRLdWGKO+KSRB5Mrbm4z1R+pLqWyuuoNA4W6g=="],

    "sst-linux-arm64": ["sst-linux-arm64@4.17.1", "", { "os": "linux", "cpu": "arm64" }, "sha512-LwSl1hOEuRx1nODr9QRKZAo8hrTOS/BBhZdGoAIwsVArmZurqbY1VKaVk6DSbP+qUnGPPgdEMpb1PpfdJfX/Xw=="],

    "sst-linux-x64": ["sst-linux-x64@4.17.1", "", { "os": "linux", "cpu": "x64" }, "sha512-DtIm3XkpzWb9yS4ZSgxg5KuOHRHhBk66y9lzVw6E/GBfUDdVOES2pbQUuFHuAq2tPJpbzuxGH7trdylAGD+TxA=="],

    "sst-linux-x86": ["sst-linux-x86@4.17.1", "", { "os": "linux", "cpu": "none" }, "sha512-I2dMWy9zU2V1H6NX3TE1ckl8BbXm/1rcPyxRJCe2TBYUgucqhT1q4je3OAOjBfUnBSv7arxm5tSrYZ0Z9I3bYQ=="],

    "sst-win32-arm64": ["sst-win32-arm64@4.17.1", "", { "os": "win32", "cpu": "arm64" }, "sha512-iGWZC6vCI2verOnjLxRLeXNsZdxvVKJlgXO0zI4vtw3cbd+PbCU2Q7uj6miu0nlNHhsy+v0C3eL/aKu3Sk7V0A=="],

    "sst-win32-x64": ["sst-win32-x64@4.17.1", "", { "os": "win32", "cpu": "x64" }, "sha512-S9vpQwF24syg2A2+Sb+STejN8pfVv/l2LIZTFHeQOrMeLPIld3Uz9fQPakXCa3FrT1/i+m/UWWORXIJUeNBe+g=="],

    "sst-win32-x86": ["sst-win32-x86@4.17.1", "", { "os": "win32", "cpu": "none" }, "sha512-CTniRCdMGKVBZ4RB4cJbwJS1YH2d9vmCEzrbETr8a6BtlZ7gD4DDHf3RuG7oZ9MumVerbTuxhi7faz7uJ0UjVw=="],

    "string-width": ["string-width@7.2.0", "", { "dependencies": { "emoji-regex": "^10.3.0", "get-east-asian-width": "^1.0.0", "strip-ansi": "^7.1.0" } }, "sha512-tsaTIkKW9b4N+AEj+SVA+WhJzV7/zMhcSu78mLKWSk7cXMOSHsBKFWUs0fWwq8QyK3MgJBQRX6Gbi4kYbdvGkQ=="],

    "strip-ansi": ["strip-ansi@7.2.0", "", { "dependencies": { "ansi-regex": "^6.2.2" } }, "sha512-yDPMNjp4WyfYBkHnjIRLfca1i6KMyGCtsVgoKe/z1+6vukgaENdgGBZt+ZmKPc4gavvEZ5OgHfHdrazhgNyG7w=="],

    "supports-color": ["supports-color@10.2.2", "", {}, "sha512-SS+jx45GF1QjgEXQx4NJZV9ImqmO2NPz5FNsIHrsDjh2YsHnawpan7SNQ1o8NuhrbHZy9AZhIoCUiCeaW/C80g=="],

    "tree-kill": ["tree-kill@1.2.2", "", { "bin": { "tree-kill": "cli.js" } }, "sha512-L0Orpi8qGpRG//Nd+H90vFB+3iHnue1zSSGmNOOCh1GLJ7rUKVwV2HvijphGQS2UmhUZewS9VgvxYIdgr+fG1A=="],

    "tslib": ["tslib@2.8.1", "", {}, "sha512-oJFu94HQb+KVduSUQL7wnpmqnfmLsOA/nAh6b6EH0wCEoK0/mPeXU6c3wKDV83MkOuHPRHtSXKKU99IBazS/2w=="],

    "wrap-ansi": ["wrap-ansi@9.0.2", "", { "dependencies": { "ansi-styles": "^6.2.1", "string-width": "^7.0.0", "strip-ansi": "^7.1.0" } }, "sha512-42AtmgqjV+X1VpdOfyTGOYRi0/zsoLqtXQckTmqTeybT+BDIbM/Guxo7x3pE2vtpr1ok6xRqM9OpBe+Jyoqyww=="],

    "y18n": ["y18n@5.0.8", "", {}, "sha512-0pfFzegeDWJHJIAmTLRP2DwHjdF5s7jo9tuztdQxAhINCdvS+3nGINqPd00AphqJR/0LhANUS6/+7SCb98YOfA=="],

    "yallist": ["yallist@4.0.0", "", {}, "sha512-3wdGidZyq5PB084XLES5TpOSRA3wjXAlIWMhum2kRcv/41Sn2emQ0dycQW4uZXLejwKvg6EsvbdlVL+FYEct7A=="],

    "yargs": ["yargs@18.0.0", "", { "dependencies": { "cliui": "^9.0.1", "escalade": "^3.1.1", "get-caller-file": "^2.0.5", "string-width": "^7.2.0", "y18n": "^5.0.5", "yargs-parser": "^22.0.0" } }, "sha512-4UEqdc2RYGHZc7Doyqkrqiln3p9X2DZVxaGbwhn2pi7MrRagKaOcIKe8L3OxYcbhXLgLFUS3zAYuQjKBQgmuNg=="],

    "yargs-parser": ["yargs-parser@22.0.0", "", {}, "sha512-rwu/ClNdSMpkSrUb+d6BRsSkLUq1fmfsY6TOpYzTwvwkg1/NRG85KBy3kq++A8LKQwX6lsu+aWad+2khvuXrqw=="],

    "openid-client/jose": ["jose@4.15.9", "", {}, "sha512-1vUQX+IdDMVPj4k8kOxgUqlcK518yluMuGZwqlr44FS1ppZB/5GWh4rZG89erpOBOJjU/OBsnCVFfapsRz6nEA=="],
  }
}
